
Microsoft Visual Studio Solution File, Format Version 12.00
# Visual Studio Version 16
VisualStudioVersion = 16.0.34301.259
MinimumVisualStudioVersion = 10.0.40219.1
Project("{FAE04EC0-301F-11D3-BF4B-00C04F79EFBC}") = "TelephoneDiary", "TelephoneDiary.csproj", "{6ABDF061-B296-44AF-ADAB-8B5EE765373C}"
EndProject
Global
	GlobalSection(SolutionConfigurationPlatforms) = preSolution
		Debug|Any CPU = Debug|Any CPU
		Release|Any CPU = Release|Any CPU
	EndGlobalSection
	GlobalSection(ProjectConfigurationPlatforms) = postSolution
		{6ABDF061-B296-44AF-ADAB-8B5EE765373C}.Debug|Any CPU.ActiveCfg = Debug|Any CPU
		{6ABDF061-B296-44AF-ADAB-8B5EE765373C}.Debug|Any CPU.Build.0 = Debug|Any CPU
		{6ABDF061-B296-44AF-ADAB-8B5EE765373C}.Release|Any CPU.ActiveCfg = Release|Any CPU
		{6ABDF061-B296-44AF-ADAB-8B5EE765373C}.Release|Any CPU.Build.0 = Release|Any CPU
	EndGlobalSection
	GlobalSection(SolutionProperties) = preSolution
		HideSolutionNode = FALSE
	EndGlobalSection
	GlobalSection(ExtensibilityGlobals) = postSolution
		SolutionGuid = {315385B0-D24F-4F33-87ED-264448690A72}
	EndGlobalSection
EndGlobal
